// !$*UTF8*$!
{
	archiveVersion = 1;
	classes = {
	};
	objectVersion = 56;
	objects = {

/* Begin PBXBuildFile section */
		A31FC05C2A23DB020072D39D /* AppDelegate.swift in Sources */ = {isa = PBXBuildFile; fileRef = A31FC05B2A23DB020072D39D /* AppDelegate.swift */; };
		A31FC05E2A23DB020072D39D /* SceneDelegate.swift in Sources */ = {isa = PBXBuildFile; fileRef = A31FC05D2A23DB020072D39D /* SceneDelegate.swift */; };
		A31FC0602A23DB020072D39D /* ViewController.swift in Sources */ = {isa = PBXBuildFile; fileRef = A31FC05F2A23DB020072D39D /* ViewController.swift */; };
		A31FC0652A23DB030072D39D /* Assets.xcassets in Resources */ = {isa = PBXBuildFile; fileRef = A31FC0642A23DB030072D39D /* Assets.xcassets */; };
		A31FC0682A23DB030072D39D /* LaunchScreen.storyboard in Resources */ = {isa = PBXBuildFile; fileRef = A31FC0662A23DB030072D39D /* LaunchScreen.storyboard */; };
		A31FC08E2A23DD3E0072D39D /* Endpoint.swift in Sources */ = {isa = PBXBuildFile; fileRef = A31FC08D2A23DD3E0072D39D /* Endpoint.swift */; };
		A31FC0902A23DD660072D39D /* CollectionEndpoint.swift in Sources */ = {isa = PBXBuildFile; fileRef = A31FC08F2A23DD660072D39D /* CollectionEndpoint.swift */; };
		A31FC0922A23DD7C0072D39D /* ArtObjectDetailsEndpoint.swift in Sources */ = {isa = PBXBuildFile; fileRef = A31FC0912A23DD7C0072D39D /* ArtObjectDetailsEndpoint.swift */; };
		A31FC0952A23DE120072D39D /* LocaleProvider.swift in Sources */ = {isa = PBXBuildFile; fileRef = A31FC0942A23DE120072D39D /* LocaleProvider.swift */; };
		A31FC0972A23DE2C0072D39D /* CultureProvider.swift in Sources */ = {isa = PBXBuildFile; fileRef = A31FC0962A23DE2C0072D39D /* CultureProvider.swift */; };
		A31FC0992A23DE590072D39D /* DefaultCultureProviderTests.swift in Sources */ = {isa = PBXBuildFile; fileRef = A31FC0982A23DE590072D39D /* DefaultCultureProviderTests.swift */; };
		A31FC09C2A23E3FD0072D39D /* APIClient.swift in Sources */ = {isa = PBXBuildFile; fileRef = A31FC09B2A23E3FD0072D39D /* APIClient.swift */; };
		A31FC09E2A23E4760072D39D /* URLComponents.swift in Sources */ = {isa = PBXBuildFile; fileRef = A31FC09D2A23E4760072D39D /* URLComponents.swift */; };
		A31FC0A02A23E71E0072D39D /* URLRequest.swift in Sources */ = {isa = PBXBuildFile; fileRef = A31FC09F2A23E71E0072D39D /* URLRequest.swift */; };
		A31FC0A32A23EA120072D39D /* ArtObjectsService.swift in Sources */ = {isa = PBXBuildFile; fileRef = A31FC0A22A23EA120072D39D /* ArtObjectsService.swift */; };
		A31FC0A62A23EA4C0072D39D /* CollectionResponse.swift in Sources */ = {isa = PBXBuildFile; fileRef = A31FC0A52A23EA4C0072D39D /* CollectionResponse.swift */; };
		A31FC0A82A23EA6D0072D39D /* ArtObject.swift in Sources */ = {isa = PBXBuildFile; fileRef = A31FC0A72A23EA6D0072D39D /* ArtObject.swift */; };
		A31FC0AA2A23EA960072D39D /* WebImage.swift in Sources */ = {isa = PBXBuildFile; fileRef = A31FC0A92A23EA960072D39D /* WebImage.swift */; };
		A31FC0AC2A23EB000072D39D /* ArtObjectDetailResponse.swift in Sources */ = {isa = PBXBuildFile; fileRef = A31FC0AB2A23EB000072D39D /* ArtObjectDetailResponse.swift */; };
		A31FC0AE2A23EB140072D39D /* ArtObjectDetails.swift in Sources */ = {isa = PBXBuildFile; fileRef = A31FC0AD2A23EB140072D39D /* ArtObjectDetails.swift */; };
		A31FC0B02A23EB800072D39D /* Constants.swift in Sources */ = {isa = PBXBuildFile; fileRef = A31FC0AF2A23EB800072D39D /* Constants.swift */; };
		A31FC0B22A23EEE80072D39D /* ArtObjectsServiceTests.swift in Sources */ = {isa = PBXBuildFile; fileRef = A31FC0B12A23EEE80072D39D /* ArtObjectsServiceTests.swift */; };
		A31FC0B72A24AB680072D39D /* ArtObjectsCollectionViewController.swift in Sources */ = {isa = PBXBuildFile; fileRef = A31FC0B62A24AB680072D39D /* ArtObjectsCollectionViewController.swift */; };
		A31FC0BA2A24AB9A0072D39D /* Kingfisher in Frameworks */ = {isa = PBXBuildFile; productRef = A31FC0B92A24AB9A0072D39D /* Kingfisher */; };
		A31FC0BC2A24ACDC0072D39D /* ArtObjectsCollectionViewModel.swift in Sources */ = {isa = PBXBuildFile; fileRef = A31FC0BB2A24ACDC0072D39D /* ArtObjectsCollectionViewModel.swift */; };
		A31FC0BE2A24AFB00072D39D /* ArtObjectsCollectionViewModelTests.swift in Sources */ = {isa = PBXBuildFile; fileRef = A31FC0BD2A24AFB00072D39D /* ArtObjectsCollectionViewModelTests.swift */; };
		A32848922A24E0950003CF3C /* ErrorToastView.swift in Sources */ = {isa = PBXBuildFile; fileRef = A32848912A24E0950003CF3C /* ErrorToastView.swift */; };
		A32848942A24E42F0003CF3C /* LoadingCircleView.swift in Sources */ = {isa = PBXBuildFile; fileRef = A32848932A24E42F0003CF3C /* LoadingCircleView.swift */; };
		A32848962A24E5D40003CF3C /* TransientOverlayDisplayable.swift in Sources */ = {isa = PBXBuildFile; fileRef = A32848952A24E5D40003CF3C /* TransientOverlayDisplayable.swift */; };
		A32848982A24E80C0003CF3C /* CollectionHeaderView.swift in Sources */ = {isa = PBXBuildFile; fileRef = A32848972A24E80C0003CF3C /* CollectionHeaderView.swift */; };
		A328489A2A24E95D0003CF3C /* ArtObjectCollectionViewCell.swift in Sources */ = {isa = PBXBuildFile; fileRef = A32848992A24E95D0003CF3C /* ArtObjectCollectionViewCell.swift */; };
		A328489C2A24FECA0003CF3C /* Coordinator.swift in Sources */ = {isa = PBXBuildFile; fileRef = A328489B2A24FECA0003CF3C /* Coordinator.swift */; };
		A328489E2A24FEFA0003CF3C /* MainCoordinator.swift in Sources */ = {isa = PBXBuildFile; fileRef = A328489D2A24FEFA0003CF3C /* MainCoordinator.swift */; };
		A32848A12A25077F0003CF3C /* ArtObjectDetailsViewModel.swift in Sources */ = {isa = PBXBuildFile; fileRef = A32848A02A25077F0003CF3C /* ArtObjectDetailsViewModel.swift */; };
		A32848A52A250D5E0003CF3C /* ArtObjectDetailsViewController.swift in Sources */ = {isa = PBXBuildFile; fileRef = A32848A42A250D5E0003CF3C /* ArtObjectDetailsViewController.swift */; };
		A32848A72A25102B0003CF3C /* ErrorModalView.swift in Sources */ = {isa = PBXBuildFile; fileRef = A32848A62A25102B0003CF3C /* ErrorModalView.swift */; };
		A32848AB2A2511B90003CF3C /* UIColor+HEX.swift in Sources */ = {isa = PBXBuildFile; fileRef = A32848AA2A2511B90003CF3C /* UIColor+HEX.swift */; };
		A32848AD2A252A740003CF3C /* HexToUIColorTests.swift in Sources */ = {isa = PBXBuildFile; fileRef = A32848AC2A252A740003CF3C /* HexToUIColorTests.swift */; };
		A32848AF2A253B6E0003CF3C /* DefaultAPIClientTests.swift in Sources */ = {isa = PBXBuildFile; fileRef = A32848AE2A253B6E0003CF3C /* DefaultAPIClientTests.swift */; };
/* End PBXBuildFile section */

/* Begin PBXContainerItemProxy section */
		A31FC06F2A23DB030072D39D /* PBXContainerItemProxy */ = {
			isa = PBXContainerItemProxy;
			containerPortal = A31FC0502A23DB020072D39D /* Project object */;
			proxyType = 1;
			remoteGlobalIDString = A31FC0572A23DB020072D39D;
			remoteInfo = RijksmuseumDemo;
		};
/* End PBXContainerItemProxy section */

/* Begin PBXFileReference section */
		A31FC0582A23DB020072D39D /* RijksmuseumDemo.app */ = {isa = PBXFileReference; explicitFileType = wrapper.application; includeInIndex = 0; path = RijksmuseumDemo.app; sourceTree = BUILT_PRODUCTS_DIR; };
		A31FC05B2A23DB020072D39D /* AppDelegate.swift */ = {isa = PBXFileReference; lastKnownFileType = sourcecode.swift; path = AppDelegate.swift; sourceTree = "<group>"; };
		A31FC05D2A23DB020072D39D /* SceneDelegate.swift */ = {isa = PBXFileReference; lastKnownFileType = sourcecode.swift; path = SceneDelegate.swift; sourceTree = "<group>"; };
		A31FC05F2A23DB020072D39D /* ViewController.swift */ = {isa = PBXFileReference; lastKnownFileType = sourcecode.swift; path = ViewController.swift; sourceTree = "<group>"; };
		A31FC0642A23DB030072D39D /* Assets.xcassets */ = {isa = PBXFileReference; lastKnownFileType = folder.assetcatalog; path = Assets.xcassets; sourceTree = "<group>"; };
		A31FC0672A23DB030072D39D /* Base */ = {isa = PBXFileReference; lastKnownFileType = file.storyboard; name = Base; path = Base.lproj/LaunchScreen.storyboard; sourceTree = "<group>"; };
		A31FC0692A23DB030072D39D /* Info.plist */ = {isa = PBXFileReference; lastKnownFileType = text.plist.xml; path = Info.plist; sourceTree = "<group>"; };
		A31FC06E2A23DB030072D39D /* RijksmuseumDemoTests.xctest */ = {isa = PBXFileReference; explicitFileType = wrapper.cfbundle; includeInIndex = 0; path = RijksmuseumDemoTests.xctest; sourceTree = BUILT_PRODUCTS_DIR; };
		A31FC08D2A23DD3E0072D39D /* Endpoint.swift */ = {isa = PBXFileReference; lastKnownFileType = sourcecode.swift; path = Endpoint.swift; sourceTree = "<group>"; };
		A31FC08F2A23DD660072D39D /* CollectionEndpoint.swift */ = {isa = PBXFileReference; lastKnownFileType = sourcecode.swift; path = CollectionEndpoint.swift; sourceTree = "<group>"; };
		A31FC0912A23DD7C0072D39D /* ArtObjectDetailsEndpoint.swift */ = {isa = PBXFileReference; lastKnownFileType = sourcecode.swift; path = ArtObjectDetailsEndpoint.swift; sourceTree = "<group>"; };
		A31FC0942A23DE120072D39D /* LocaleProvider.swift */ = {isa = PBXFileReference; lastKnownFileType = sourcecode.swift; path = LocaleProvider.swift; sourceTree = "<group>"; };
		A31FC0962A23DE2C0072D39D /* CultureProvider.swift */ = {isa = PBXFileReference; lastKnownFileType = sourcecode.swift; path = CultureProvider.swift; sourceTree = "<group>"; };
		A31FC0982A23DE590072D39D /* DefaultCultureProviderTests.swift */ = {isa = PBXFileReference; lastKnownFileType = sourcecode.swift; path = DefaultCultureProviderTests.swift; sourceTree = "<group>"; };
		A31FC09B2A23E3FD0072D39D /* APIClient.swift */ = {isa = PBXFileReference; lastKnownFileType = sourcecode.swift; path = APIClient.swift; sourceTree = "<group>"; };
		A31FC09D2A23E4760072D39D /* URLComponents.swift */ = {isa = PBXFileReference; lastKnownFileType = sourcecode.swift; path = URLComponents.swift; sourceTree = "<group>"; };
		A31FC09F2A23E71E0072D39D /* URLRequest.swift */ = {isa = PBXFileReference; lastKnownFileType = sourcecode.swift; path = URLRequest.swift; sourceTree = "<group>"; };
		A31FC0A22A23EA120072D39D /* ArtObjectsService.swift */ = {isa = PBXFileReference; lastKnownFileType = sourcecode.swift; path = ArtObjectsService.swift; sourceTree = "<group>"; };
		A31FC0A52A23EA4C0072D39D /* CollectionResponse.swift */ = {isa = PBXFileReference; lastKnownFileType = sourcecode.swift; path = CollectionResponse.swift; sourceTree = "<group>"; };
		A31FC0A72A23EA6D0072D39D /* ArtObject.swift */ = {isa = PBXFileReference; lastKnownFileType = sourcecode.swift; path = ArtObject.swift; sourceTree = "<group>"; };
		A31FC0A92A23EA960072D39D /* WebImage.swift */ = {isa = PBXFileReference; lastKnownFileType = sourcecode.swift; path = WebImage.swift; sourceTree = "<group>"; };
		A31FC0AB2A23EB000072D39D /* ArtObjectDetailResponse.swift */ = {isa = PBXFileReference; lastKnownFileType = sourcecode.swift; path = ArtObjectDetailResponse.swift; sourceTree = "<group>"; };
		A31FC0AD2A23EB140072D39D /* ArtObjectDetails.swift */ = {isa = PBXFileReference; lastKnownFileType = sourcecode.swift; path = ArtObjectDetails.swift; sourceTree = "<group>"; };
		A31FC0AF2A23EB800072D39D /* Constants.swift */ = {isa = PBXFileReference; lastKnownFileType = sourcecode.swift; path = Constants.swift; sourceTree = "<group>"; };
		A31FC0B12A23EEE80072D39D /* ArtObjectsServiceTests.swift */ = {isa = PBXFileReference; lastKnownFileType = sourcecode.swift; path = ArtObjectsServiceTests.swift; sourceTree = "<group>"; };
		A31FC0B62A24AB680072D39D /* ArtObjectsCollectionViewController.swift */ = {isa = PBXFileReference; lastKnownFileType = sourcecode.swift; path = ArtObjectsCollectionViewController.swift; sourceTree = "<group>"; };
		A31FC0BB2A24ACDC0072D39D /* ArtObjectsCollectionViewModel.swift */ = {isa = PBXFileReference; lastKnownFileType = sourcecode.swift; path = ArtObjectsCollectionViewModel.swift; sourceTree = "<group>"; };
		A31FC0BD2A24AFB00072D39D /* ArtObjectsCollectionViewModelTests.swift */ = {isa = PBXFileReference; lastKnownFileType = sourcecode.swift; path = ArtObjectsCollectionViewModelTests.swift; sourceTree = "<group>"; };
		A32848912A24E0950003CF3C /* ErrorToastView.swift */ = {isa = PBXFileReference; lastKnownFileType = sourcecode.swift; path = ErrorToastView.swift; sourceTree = "<group>"; };
		A32848932A24E42F0003CF3C /* LoadingCircleView.swift */ = {isa = PBXFileReference; lastKnownFileType = sourcecode.swift; path = LoadingCircleView.swift; sourceTree = "<group>"; };
		A32848952A24E5D40003CF3C /* TransientOverlayDisplayable.swift */ = {isa = PBXFileReference; lastKnownFileType = sourcecode.swift; path = TransientOverlayDisplayable.swift; sourceTree = "<group>"; };
		A32848972A24E80C0003CF3C /* CollectionHeaderView.swift */ = {isa = PBXFileReference; lastKnownFileType = sourcecode.swift; path = CollectionHeaderView.swift; sourceTree = "<group>"; };
		A32848992A24E95D0003CF3C /* ArtObjectCollectionViewCell.swift */ = {isa = PBXFileReference; lastKnownFileType = sourcecode.swift; path = ArtObjectCollectionViewCell.swift; sourceTree = "<group>"; };
		A328489B2A24FECA0003CF3C /* Coordinator.swift */ = {isa = PBXFileReference; lastKnownFileType = sourcecode.swift; path = Coordinator.swift; sourceTree = "<group>"; };
		A328489D2A24FEFA0003CF3C /* MainCoordinator.swift */ = {isa = PBXFileReference; lastKnownFileType = sourcecode.swift; path = MainCoordinator.swift; sourceTree = "<group>"; };
		A32848A02A25077F0003CF3C /* ArtObjectDetailsViewModel.swift */ = {isa = PBXFileReference; lastKnownFileType = sourcecode.swift; path = ArtObjectDetailsViewModel.swift; sourceTree = "<group>"; };
		A32848A42A250D5E0003CF3C /* ArtObjectDetailsViewController.swift */ = {isa = PBXFileReference; lastKnownFileType = sourcecode.swift; path = ArtObjectDetailsViewController.swift; sourceTree = "<group>"; };
		A32848A62A25102B0003CF3C /* ErrorModalView.swift */ = {isa = PBXFileReference; lastKnownFileType = sourcecode.swift; path = ErrorModalView.swift; sourceTree = "<group>"; };
		A32848AA2A2511B90003CF3C /* UIColor+HEX.swift */ = {isa = PBXFileReference; lastKnownFileType = sourcecode.swift; path = "UIColor+HEX.swift"; sourceTree = "<group>"; };
		A32848AC2A252A740003CF3C /* HexToUIColorTests.swift */ = {isa = PBXFileReference; lastKnownFileType = sourcecode.swift; path = HexToUIColorTests.swift; sourceTree = "<group>"; };
		A32848AE2A253B6E0003CF3C /* DefaultAPIClientTests.swift */ = {isa = PBXFileReference; lastKnownFileType = sourcecode.swift; path = DefaultAPIClientTests.swift; sourceTree = "<group>"; };
/* End PBXFileReference section */

/* Begin PBXFrameworksBuildPhase section */
		A31FC0552A23DB020072D39D /* Frameworks */ = {
			isa = PBXFrameworksBuildPhase;
			buildActionMask = 2147483647;
			files = (
				A31FC0BA2A24AB9A0072D39D /* Kingfisher in Frameworks */,
			);
			runOnlyForDeploymentPostprocessing = 0;
		};
		A31FC06B2A23DB030072D39D /* Frameworks */ = {
			isa = PBXFrameworksBuildPhase;
			buildActionMask = 2147483647;
			files = (
			);
			runOnlyForDeploymentPostprocessing = 0;
		};
/* End PBXFrameworksBuildPhase section */

/* Begin PBXGroup section */
		A31FC04F2A23DB020072D39D = {
			isa = PBXGroup;
			children = (
				A31FC05A2A23DB020072D39D /* RijksmuseumDemo */,
				A31FC0712A23DB030072D39D /* RijksmuseumDemoTests */,
				A31FC0592A23DB020072D39D /* Products */,
			);
			sourceTree = "<group>";
		};
		A31FC0592A23DB020072D39D /* Products */ = {
			isa = PBXGroup;
			children = (
				A31FC0582A23DB020072D39D /* RijksmuseumDemo.app */,
				A31FC06E2A23DB030072D39D /* RijksmuseumDemoTests.xctest */,
			);
			name = Products;
			sourceTree = "<group>";
		};
		A31FC05A2A23DB020072D39D /* RijksmuseumDemo */ = {
			isa = PBXGroup;
			children = (
				A32848A82A2511A20003CF3C /* Helper */,
				A32848902A24E0800003CF3C /* View */,
				A31FC0B32A24AAF00072D39D /* User Flow */,
				A31FC08B2A23DD290072D39D /* Network */,
				A31FC05B2A23DB020072D39D /* AppDelegate.swift */,
				A31FC05D2A23DB020072D39D /* SceneDelegate.swift */,
				A31FC05F2A23DB020072D39D /* ViewController.swift */,
				A31FC0642A23DB030072D39D /* Assets.xcassets */,
				A31FC0662A23DB030072D39D /* LaunchScreen.storyboard */,
				A31FC0692A23DB030072D39D /* Info.plist */,
			);
			path = RijksmuseumDemo;
			sourceTree = "<group>";
		};
		A31FC0712A23DB030072D39D /* RijksmuseumDemoTests */ = {
			isa = PBXGroup;
			children = (
				A31FC0982A23DE590072D39D /* DefaultCultureProviderTests.swift */,
				A31FC0B12A23EEE80072D39D /* ArtObjectsServiceTests.swift */,
				A31FC0BD2A24AFB00072D39D /* ArtObjectsCollectionViewModelTests.swift */,
				A32848AC2A252A740003CF3C /* HexToUIColorTests.swift */,
				A32848AE2A253B6E0003CF3C /* DefaultAPIClientTests.swift */,
			);
			path = RijksmuseumDemoTests;
			sourceTree = "<group>";
		};
		A31FC08B2A23DD290072D39D /* Network */ = {
			isa = PBXGroup;
			children = (
				A31FC0A42A23EA320072D39D /* Model */,
				A31FC0A12A23EA080072D39D /* Service */,
				A31FC0932A23DE000072D39D /* Helper */,
				A31FC08C2A23DD2F0072D39D /* Endpoint */,
				A31FC09B2A23E3FD0072D39D /* APIClient.swift */,
				A31FC0AF2A23EB800072D39D /* Constants.swift */,
			);
			path = Network;
			sourceTree = "<group>";
		};
		A31FC08C2A23DD2F0072D39D /* Endpoint */ = {
			isa = PBXGroup;
			children = (
				A31FC08D2A23DD3E0072D39D /* Endpoint.swift */,
				A31FC08F2A23DD660072D39D /* CollectionEndpoint.swift */,
				A31FC0912A23DD7C0072D39D /* ArtObjectDetailsEndpoint.swift */,
			);
			path = Endpoint;
			sourceTree = "<group>";
		};
		A31FC0932A23DE000072D39D /* Helper */ = {
			isa = PBXGroup;
			children = (
				A31FC0942A23DE120072D39D /* LocaleProvider.swift */,
				A31FC0962A23DE2C0072D39D /* CultureProvider.swift */,
				A31FC09D2A23E4760072D39D /* URLComponents.swift */,
				A31FC09F2A23E71E0072D39D /* URLRequest.swift */,
			);
			path = Helper;
			sourceTree = "<group>";
		};
		A31FC0A12A23EA080072D39D /* Service */ = {
			isa = PBXGroup;
			children = (
				A31FC0A22A23EA120072D39D /* ArtObjectsService.swift */,
			);
			path = Service;
			sourceTree = "<group>";
		};
		A31FC0A42A23EA320072D39D /* Model */ = {
			isa = PBXGroup;
			children = (
				A31FC0A52A23EA4C0072D39D /* CollectionResponse.swift */,
				A31FC0A72A23EA6D0072D39D /* ArtObject.swift */,
				A31FC0A92A23EA960072D39D /* WebImage.swift */,
				A31FC0AB2A23EB000072D39D /* ArtObjectDetailResponse.swift */,
				A31FC0AD2A23EB140072D39D /* ArtObjectDetails.swift */,
			);
			path = Model;
			sourceTree = "<group>";
		};
		A31FC0B32A24AAF00072D39D /* User Flow */ = {
			isa = PBXGroup;
			children = (
				A31FC0B42A24AB0B0072D39D /* Main */,
				A328489B2A24FECA0003CF3C /* Coordinator.swift */,
			);
			path = "User Flow";
			sourceTree = "<group>";
		};
		A31FC0B42A24AB0B0072D39D /* Main */ = {
			isa = PBXGroup;
			children = (
				A31FC0B52A24AB2F0072D39D /* Art Objects Colletion */,
				A328489F2A2507490003CF3C /* Art Object Details */,
				A328489D2A24FEFA0003CF3C /* MainCoordinator.swift */,
			);
			path = Main;
			sourceTree = "<group>";
		};
		A31FC0B52A24AB2F0072D39D /* Art Objects Colletion */ = {
			isa = PBXGroup;
			children = (
				A31FC0B62A24AB680072D39D /* ArtObjectsCollectionViewController.swift */,
				A31FC0BB2A24ACDC0072D39D /* ArtObjectsCollectionViewModel.swift */,
			);
			path = "Art Objects Colletion";
			sourceTree = "<group>";
		};
		A32848902A24E0800003CF3C /* View */ = {
			isa = PBXGroup;
			children = (
				A32848912A24E0950003CF3C /* ErrorToastView.swift */,
				A32848932A24E42F0003CF3C /* LoadingCircleView.swift */,
				A32848952A24E5D40003CF3C /* TransientOverlayDisplayable.swift */,
				A32848972A24E80C0003CF3C /* CollectionHeaderView.swift */,
				A32848992A24E95D0003CF3C /* ArtObjectCollectionViewCell.swift */,
				A32848A62A25102B0003CF3C /* ErrorModalView.swift */,
			);
			path = View;
			sourceTree = "<group>";
		};
		A328489F2A2507490003CF3C /* Art Object Details */ = {
			isa = PBXGroup;
			children = (
				A32848A42A250D5E0003CF3C /* ArtObjectDetailsViewController.swift */,
				A32848A02A25077F0003CF3C /* ArtObjectDetailsViewModel.swift */,
			);
			path = "Art Object Details";
			sourceTree = "<group>";
		};
		A32848A82A2511A20003CF3C /* Helper */ = {
			isa = PBXGroup;
			children = (
				A32848A92A2511A90003CF3C /* UIKit */,
			);
			path = Helper;
			sourceTree = "<group>";
		};
		A32848A92A2511A90003CF3C /* UIKit */ = {
			isa = PBXGroup;
			children = (
				A32848AA2A2511B90003CF3C /* UIColor+HEX.swift */,
			);
			path = UIKit;
			sourceTree = "<group>";
		};
/* End PBXGroup section */

/* Begin PBXNativeTarget section */
		A31FC0572A23DB020072D39D /* RijksmuseumDemo */ = {
			isa = PBXNativeTarget;
			buildConfigurationList = A31FC0822A23DB030072D39D /* Build configuration list for PBXNativeTarget "RijksmuseumDemo" */;
			buildPhases = (
				A31FC0542A23DB020072D39D /* Sources */,
				A31FC0552A23DB020072D39D /* Frameworks */,
				A31FC0562A23DB020072D39D /* Resources */,
			);
			buildRules = (
			);
			dependencies = (
			);
			name = RijksmuseumDemo;
			packageProductDependencies = (
				A31FC0B92A24AB9A0072D39D /* Kingfisher */,
			);
			productName = RijksmuseumDemo;
			productReference = A31FC0582A23DB020072D39D /* RijksmuseumDemo.app */;
			productType = "com.apple.product-type.application";
		};
		A31FC06D2A23DB030072D39D /* RijksmuseumDemoTests */ = {
			isa = PBXNativeTarget;
			buildConfigurationList = A31FC0852A23DB030072D39D /* Build configuration list for PBXNativeTarget "RijksmuseumDemoTests" */;
			buildPhases = (
				A31FC06A2A23DB030072D39D /* Sources */,
				A31FC06B2A23DB030072D39D /* Frameworks */,
				A31FC06C2A23DB030072D39D /* Resources */,
			);
			buildRules = (
			);
			dependencies = (
				A31FC0702A23DB030072D39D /* PBXTargetDependency */,
			);
			name = RijksmuseumDemoTests;
			productName = RijksmuseumDemoTests;
			productReference = A31FC06E2A23DB030072D39D /* RijksmuseumDemoTests.xctest */;
			productType = "com.apple.product-type.bundle.unit-test";
		};
/* End PBXNativeTarget section */

/* Begin PBXProject section */
		A31FC0502A23DB020072D39D /* Project object */ = {
			isa = PBXProject;
			attributes = {
				BuildIndependentTargetsInParallel = 1;
				LastSwiftUpdateCheck = 1430;
				LastUpgradeCheck = 1430;
				TargetAttributes = {
					A31FC0572A23DB020072D39D = {
						CreatedOnToolsVersion = 14.3;
					};
					A31FC06D2A23DB030072D39D = {
						CreatedOnToolsVersion = 14.3;
						TestTargetID = A31FC0572A23DB020072D39D;
					};
				};
			};
			buildConfigurationList = A31FC0532A23DB020072D39D /* Build configuration list for PBXProject "RijksmuseumDemo" */;
			compatibilityVersion = "Xcode 14.0";
			developmentRegion = en;
			hasScannedForEncodings = 0;
			knownRegions = (
				en,
				Base,
			);
			mainGroup = A31FC04F2A23DB020072D39D;
			packageReferences = (
				A31FC0B82A24AB9A0072D39D /* XCRemoteSwiftPackageReference "Kingfisher" */,
			);
			productRefGroup = A31FC0592A23DB020072D39D /* Products */;
			projectDirPath = "";
			projectRoot = "";
			targets = (
				A31FC0572A23DB020072D39D /* RijksmuseumDemo */,
				A31FC06D2A23DB030072D39D /* RijksmuseumDemoTests */,
			);
		};
/* End PBXProject section */

/* Begin PBXResourcesBuildPhase section */
		A31FC0562A23DB020072D39D /* Resources */ = {
			isa = PBXResourcesBuildPhase;
			buildActionMask = 2147483647;
			files = (
				A31FC0682A23DB030072D39D /* LaunchScreen.storyboard in Resources */,
				A31FC0652A23DB030072D39D /* Assets.xcassets in Resources */,
			);
			runOnlyForDeploymentPostprocessing = 0;
		};
		A31FC06C2A23DB030072D39D /* Resources */ = {
			isa = PBXResourcesBuildPhase;
			buildActionMask = 2147483647;
			files = (
			);
			runOnlyForDeploymentPostprocessing = 0;
		};
/* End PBXResourcesBuildPhase section */

/* Begin PBXSourcesBuildPhase section */
		A31FC0542A23DB020072D39D /* Sources */ = {
			isa = PBXSourcesBuildPhase;
			buildActionMask = 2147483647;
			files = (
				A32848962A24E5D40003CF3C /* TransientOverlayDisplayable.swift in Sources */,
				A31FC0952A23DE120072D39D /* LocaleProvider.swift in Sources */,
				A328489C2A24FECA0003CF3C /* Coordinator.swift in Sources */,
				A31FC0AE2A23EB140072D39D /* ArtObjectDetails.swift in Sources */,
				A31FC0A62A23EA4C0072D39D /* CollectionResponse.swift in Sources */,
				A31FC0AA2A23EA960072D39D /* WebImage.swift in Sources */,
				A31FC0602A23DB020072D39D /* ViewController.swift in Sources */,
				A31FC05C2A23DB020072D39D /* AppDelegate.swift in Sources */,
				A31FC0B72A24AB680072D39D /* ArtObjectsCollectionViewController.swift in Sources */,
				A32848AB2A2511B90003CF3C /* UIColor+HEX.swift in Sources */,
				A32848942A24E42F0003CF3C /* LoadingCircleView.swift in Sources */,
				A31FC08E2A23DD3E0072D39D /* Endpoint.swift in Sources */,
				A31FC0902A23DD660072D39D /* CollectionEndpoint.swift in Sources */,
				A31FC0922A23DD7C0072D39D /* ArtObjectDetailsEndpoint.swift in Sources */,
				A31FC0AC2A23EB000072D39D /* ArtObjectDetailResponse.swift in Sources */,
				A31FC05E2A23DB020072D39D /* SceneDelegate.swift in Sources */,
				A32848922A24E0950003CF3C /* ErrorToastView.swift in Sources */,
				A31FC0A82A23EA6D0072D39D /* ArtObject.swift in Sources */,
				A32848A72A25102B0003CF3C /* ErrorModalView.swift in Sources */,
				A31FC0A02A23E71E0072D39D /* URLRequest.swift in Sources */,
				A328489A2A24E95D0003CF3C /* ArtObjectCollectionViewCell.swift in Sources */,
				A31FC0A32A23EA120072D39D /* ArtObjectsService.swift in Sources */,
				A31FC09E2A23E4760072D39D /* URLComponents.swift in Sources */,
				A31FC0972A23DE2C0072D39D /* CultureProvider.swift in Sources */,
				A32848A12A25077F0003CF3C /* ArtObjectDetailsViewModel.swift in Sources */,
				A31FC09C2A23E3FD0072D39D /* APIClient.swift in Sources */,
				A32848982A24E80C0003CF3C /* CollectionHeaderView.swift in Sources */,
				A31FC0B02A23EB800072D39D /* Constants.swift in Sources */,
				A32848A52A250D5E0003CF3C /* ArtObjectDetailsViewController.swift in Sources */,
				A328489E2A24FEFA0003CF3C /* MainCoordinator.swift in Sources */,
				A31FC0BC2A24ACDC0072D39D /* ArtObjectsCollectionViewModel.swift in Sources */,
			);
			runOnlyForDeploymentPostprocessing = 0;
		};
		A31FC06A2A23DB030072D39D /* Sources */ = {
			isa = PBXSourcesBuildPhase;
			buildActionMask = 2147483647;
			files = (
				A31FC0BE2A24AFB00072D39D /* ArtObjectsCollectionViewModelTests.swift in Sources */,
				A31FC0B22A23EEE80072D39D /* ArtObjectsServiceTests.swift in Sources */,
				A32848AD2A252A740003CF3C /* HexToUIColorTests.swift in Sources */,
				A31FC0992A23DE590072D39D /* DefaultCultureProviderTests.swift in Sources */,
				A32848AF2A253B6E0003CF3C /* DefaultAPIClientTests.swift in Sources */,
			);
			runOnlyForDeploymentPostprocessing = 0;
		};
/* End PBXSourcesBuildPhase section */

/* Begin PBXTargetDependency section */
		A31FC0702A23DB030072D39D /* PBXTargetDependency */ = {
			isa = PBXTargetDependency;
			target = A31FC0572A23DB020072D39D /* RijksmuseumDemo */;
			targetProxy = A31FC06F2A23DB030072D39D /* PBXContainerItemProxy */;
		};
/* End PBXTargetDependency section */

/* Begin PBXVariantGroup section */
		A31FC0662A23DB030072D39D /* LaunchScreen.storyboard */ = {
			isa = PBXVariantGroup;
			children = (
				A31FC0672A23DB030072D39D /* Base */,
			);
			name = LaunchScreen.storyboard;
			sourceTree = "<group>";
		};
/* End PBXVariantGroup section */

/* Begin XCBuildConfiguration section */
		A31FC0802A23DB030072D39D /* Debug */ = {
			isa = XCBuildConfiguration;
			buildSettings = {
				ALWAYS_SEARCH_USER_PATHS = NO;
				CLANG_ANALYZER_NONNULL = YES;
				CLANG_ANALYZER_NUMBER_OBJECT_CONVERSION = YES_AGGRESSIVE;
				CLANG_CXX_LANGUAGE_STANDARD = "gnu++20";
				CLANG_ENABLE_MODULES = YES;
				CLANG_ENABLE_OBJC_ARC = YES;
				CLANG_ENABLE_OBJC_WEAK = YES;
				CLANG_WARN_BLOCK_CAPTURE_AUTORELEASING = YES;
				CLANG_WARN_BOOL_CONVERSION = YES;
				CLANG_WARN_COMMA = YES;
				CLANG_WARN_CONSTANT_CONVERSION = YES;
				CLANG_WARN_DEPRECATED_OBJC_IMPLEMENTATIONS = YES;
				CLANG_WARN_DIRECT_OBJC_ISA_USAGE = YES_ERROR;
				CLANG_WARN_DOCUMENTATION_COMMENTS = YES;
				CLANG_WARN_EMPTY_BODY = YES;
				CLANG_WARN_ENUM_CONVERSION = YES;
				CLANG_WARN_INFINITE_RECURSION = YES;
				CLANG_WARN_INT_CONVERSION = YES;
				CLANG_WARN_NON_LITERAL_NULL_CONVERSION = YES;
				CLANG_WARN_OBJC_IMPLICIT_RETAIN_SELF = YES;
				CLANG_WARN_OBJC_LITERAL_CONVERSION = YES;
				CLANG_WARN_OBJC_ROOT_CLASS = YES_ERROR;
				CLANG_WARN_QUOTED_INCLUDE_IN_FRAMEWORK_HEADER = YES;
				CLANG_WARN_RANGE_LOOP_ANALYSIS = YES;
				CLANG_WARN_STRICT_PROTOTYPES = YES;
				CLANG_WARN_SUSPICIOUS_MOVE = YES;
				CLANG_WARN_UNGUARDED_AVAILABILITY = YES_AGGRESSIVE;
				CLANG_WARN_UNREACHABLE_CODE = YES;
				CLANG_WARN__DUPLICATE_METHOD_MATCH = YES;
				COPY_PHASE_STRIP = NO;
				DEBUG_INFORMATION_FORMAT = dwarf;
				ENABLE_STRICT_OBJC_MSGSEND = YES;
				ENABLE_TESTABILITY = YES;
				GCC_C_LANGUAGE_STANDARD = gnu11;
				GCC_DYNAMIC_NO_PIC = NO;
				GCC_NO_COMMON_BLOCKS = YES;
				GCC_OPTIMIZATION_LEVEL = 0;
				GCC_PREPROCESSOR_DEFINITIONS = (
					"DEBUG=1",
					"$(inherited)",
				);
				GCC_WARN_64_TO_32_BIT_CONVERSION = YES;
				GCC_WARN_ABOUT_RETURN_TYPE = YES_ERROR;
				GCC_WARN_UNDECLARED_SELECTOR = YES;
				GCC_WARN_UNINITIALIZED_AUTOS = YES_AGGRESSIVE;
				GCC_WARN_UNUSED_FUNCTION = YES;
				GCC_WARN_UNUSED_VARIABLE = YES;
				IPHONEOS_DEPLOYMENT_TARGET = 16.0;
				MTL_ENABLE_DEBUG_INFO = INCLUDE_SOURCE;
				MTL_FAST_MATH = YES;
				ONLY_ACTIVE_ARCH = YES;
				SDKROOT = iphoneos;
				SWIFT_ACTIVE_COMPILATION_CONDITIONS = DEBUG;
				SWIFT_OPTIMIZATION_LEVEL = "-Onone";
			};
			name = Debug;
		};
		A31FC0812A23DB030072D39D /* Release */ = {
			isa = XCBuildConfiguration;
			buildSettings = {
				ALWAYS_SEARCH_USER_PATHS = NO;
				CLANG_ANALYZER_NONNULL = YES;
				CLANG_ANALYZER_NUMBER_OBJECT_CONVERSION = YES_AGGRESSIVE;
				CLANG_CXX_LANGUAGE_STANDARD = "gnu++20";
				CLANG_ENABLE_MODULES = YES;
				CLANG_ENABLE_OBJC_ARC = YES;
				CLANG_ENABLE_OBJC_WEAK = YES;
				CLANG_WARN_BLOCK_CAPTURE_AUTORELEASING = YES;
				CLANG_WARN_BOOL_CONVERSION = YES;
				CLANG_WARN_COMMA = YES;
				CLANG_WARN_CONSTANT_CONVERSION = YES;
				CLANG_WARN_DEPRECATED_OBJC_IMPLEMENTATIONS = YES;
				CLANG_WARN_DIRECT_OBJC_ISA_USAGE = YES_ERROR;
				CLANG_WARN_DOCUMENTATION_COMMENTS = YES;
				CLANG_WARN_EMPTY_BODY = YES;
				CLANG_WARN_ENUM_CONVERSION = YES;
				CLANG_WARN_INFINITE_RECURSION = YES;
				CLANG_WARN_INT_CONVERSION = YES;
				CLANG_WARN_NON_LITERAL_NULL_CONVERSION = YES;
				CLANG_WARN_OBJC_IMPLICIT_RETAIN_SELF = YES;
				CLANG_WARN_OBJC_LITERAL_CONVERSION = YES;
				CLANG_WARN_OBJC_ROOT_CLASS = YES_ERROR;
				CLANG_WARN_QUOTED_INCLUDE_IN_FRAMEWORK_HEADER = YES;
				CLANG_WARN_RANGE_LOOP_ANALYSIS = YES;
				CLANG_WARN_STRICT_PROTOTYPES = YES;
				CLANG_WARN_SUSPICIOUS_MOVE = YES;
				CLANG_WARN_UNGUARDED_AVAILABILITY = YES_AGGRESSIVE;
				CLANG_WARN_UNREACHABLE_CODE = YES;
				CLANG_WARN__DUPLICATE_METHOD_MATCH = YES;
				COPY_PHASE_STRIP = NO;
				DEBUG_INFORMATION_FORMAT = "dwarf-with-dsym";
				ENABLE_NS_ASSERTIONS = NO;
				ENABLE_STRICT_OBJC_MSGSEND = YES;
				GCC_C_LANGUAGE_STANDARD = gnu11;
				GCC_NO_COMMON_BLOCKS = YES;
				GCC_WARN_64_TO_32_BIT_CONVERSION = YES;
				GCC_WARN_ABOUT_RETURN_TYPE = YES_ERROR;
				GCC_WARN_UNDECLARED_SELECTOR = YES;
				GCC_WARN_UNINITIALIZED_AUTOS = YES_AGGRESSIVE;
				GCC_WARN_UNUSED_FUNCTION = YES;
				GCC_WARN_UNUSED_VARIABLE = YES;
				IPHONEOS_DEPLOYMENT_TARGET = 16.0;
				MTL_ENABLE_DEBUG_INFO = NO;
				MTL_FAST_MATH = YES;
				SDKROOT = iphoneos;
				SWIFT_COMPILATION_MODE = wholemodule;
				SWIFT_OPTIMIZATION_LEVEL = "-O";
				VALIDATE_PRODUCT = YES;
			};
			name = Release;
		};
		A31FC0832A23DB030072D39D /* Debug */ = {
			isa = XCBuildConfiguration;
			buildSettings = {
				ASSETCATALOG_COMPILER_APPICON_NAME = AppIcon;
				ASSETCATALOG_COMPILER_GLOBAL_ACCENT_COLOR_NAME = AccentColor;
				CODE_SIGN_STYLE = Automatic;
				CURRENT_PROJECT_VERSION = 1;
				DEVELOPMENT_TEAM = 454Y33UAWC;
				GENERATE_INFOPLIST_FILE = YES;
				INFOPLIST_FILE = RijksmuseumDemo/Info.plist;
				INFOPLIST_KEY_UIApplicationSupportsIndirectInputEvents = YES;
				INFOPLIST_KEY_UILaunchStoryboardName = LaunchScreen.storyboard;
				INFOPLIST_KEY_UISupportedInterfaceOrientations = UIInterfaceOrientationPortrait;
				INFOPLIST_KEY_UISupportedInterfaceOrientations_iPad = "UIInterfaceOrientationLandscapeLeft UIInterfaceOrientationLandscapeRight UIInterfaceOrientationPortrait UIInterfaceOrientationPortraitUpsideDown";
				LD_RUNPATH_SEARCH_PATHS = (
					"$(inherited)",
					"@executable_path/Frameworks",
				);
				MARKETING_VERSION = 1.0;
				PRODUCT_BUNDLE_IDENTIFIER = nl.firmach.RijksmuseumDemo;
				PRODUCT_NAME = "$(TARGET_NAME)";
				SUPPORTED_PLATFORMS = "iphoneos iphonesimulator";
				SUPPORTS_MACCATALYST = NO;
				SUPPORTS_MAC_DESIGNED_FOR_IPHONE_IPAD = NO;
				SWIFT_EMIT_LOC_STRINGS = YES;
				SWIFT_VERSION = 5.0;
				TARGETED_DEVICE_FAMILY = 1;
			};
			name = Debug;
		};
		A31FC0842A23DB030072D39D /* Release */ = {
			isa = XCBuildConfiguration;
			buildSettings = {
				ASSETCATALOG_COMPILER_APPICON_NAME = AppIcon;
				ASSETCATALOG_COMPILER_GLOBAL_ACCENT_COLOR_NAME = AccentColor;
				CODE_SIGN_STYLE = Automatic;
				CURRENT_PROJECT_VERSION = 1;
				DEVELOPMENT_TEAM = 454Y33UAWC;
				GENERATE_INFOPLIST_FILE = YES;
				INFOPLIST_FILE = RijksmuseumDemo/Info.plist;
				INFOPLIST_KEY_UIApplicationSupportsIndirectInputEvents = YES;
				INFOPLIST_KEY_UILaunchStoryboardName = LaunchScreen.storyboard;
				INFOPLIST_KEY_UISupportedInterfaceOrientations = UIInterfaceOrientationPortrait;
				INFOPLIST_KEY_UISupportedInterfaceOrientations_iPad = "UIInterfaceOrientationLandscapeLeft UIInterfaceOrientationLandscapeRight UIInterfaceOrientationPortrait UIInterfaceOrientationPortraitUpsideDown";
				LD_RUNPATH_SEARCH_PATHS = (
					"$(inherited)",
					"@executable_path/Frameworks",
				);
				MARKETING_VERSION = 1.0;
				PRODUCT_BUNDLE_IDENTIFIER = nl.firmach.RijksmuseumDemo;
				PRODUCT_NAME = "$(TARGET_NAME)";
				SUPPORTED_PLATFORMS = "iphoneos iphonesimulator";
				SUPPORTS_MACCATALYST = NO;
				SUPPORTS_MAC_DESIGNED_FOR_IPHONE_IPAD = NO;
				SWIFT_EMIT_LOC_STRINGS = YES;
				SWIFT_VERSION = 5.0;
				TARGETED_DEVICE_FAMILY = 1;
			};
			name = Release;
		};
		A31FC0862A23DB030072D39D /* Debug */ = {
			isa = XCBuildConfiguration;
			buildSettings = {
				ALWAYS_EMBED_SWIFT_STANDARD_LIBRARIES = YES;
				BUNDLE_LOADER = "$(TEST_HOST)";
				CODE_SIGN_STYLE = Automatic;
				CURRENT_PROJECT_VERSION = 1;
				DEVELOPMENT_TEAM = 454Y33UAWC;
				GENERATE_INFOPLIST_FILE = YES;
				IPHONEOS_DEPLOYMENT_TARGET = 16.0;
				MARKETING_VERSION = 1.0;
				PRODUCT_BUNDLE_IDENTIFIER = nl.firmach.RijksmuseumDemoTests;
				PRODUCT_NAME = "$(TARGET_NAME)";
				SUPPORTED_PLATFORMS = "iphoneos iphonesimulator";
				SUPPORTS_MACCATALYST = NO;
				SUPPORTS_MAC_DESIGNED_FOR_IPHONE_IPAD = NO;
				SWIFT_EMIT_LOC_STRINGS = NO;
				SWIFT_VERSION = 5.0;
				TARGETED_DEVICE_FAMILY = 1;
				TEST_HOST = "$(BUILT_PRODUCTS_DIR)/RijksmuseumDemo.app/$(BUNDLE_EXECUTABLE_FOLDER_PATH)/RijksmuseumDemo";
			};
			name = Debug;
		};
		A31FC0872A23DB030072D39D /* Release */ = {
			isa = XCBuildConfiguration;
			buildSettings = {
				ALWAYS_EMBED_SWIFT_STANDARD_LIBRARIES = YES;
				BUNDLE_LOADER = "$(TEST_HOST)";
				CODE_SIGN_STYLE = Automatic;
				CURRENT_PROJECT_VERSION = 1;
				DEVELOPMENT_TEAM = 454Y33UAWC;
				GENERATE_INFOPLIST_FILE = YES;
				IPHONEOS_DEPLOYMENT_TARGET = 16.0;
				MARKETING_VERSION = 1.0;
				PRODUCT_BUNDLE_IDENTIFIER = nl.firmach.RijksmuseumDemoTests;
				PRODUCT_NAME = "$(TARGET_NAME)";
				SUPPORTED_PLATFORMS = "iphoneos iphonesimulator";
				SUPPORTS_MACCATALYST = NO;
				SUPPORTS_MAC_DESIGNED_FOR_IPHONE_IPAD = NO;
				SWIFT_EMIT_LOC_STRINGS = NO;
				SWIFT_VERSION = 5.0;
				TARGETED_DEVICE_FAMILY = 1;
				TEST_HOST = "$(BUILT_PRODUCTS_DIR)/RijksmuseumDemo.app/$(BUNDLE_EXECUTABLE_FOLDER_PATH)/RijksmuseumDemo";
			};
			name = Release;
		};
/* End XCBuildConfiguration section */

/* Begin XCConfigurationList section */
		A31FC0532A23DB020072D39D /* Build configuration list for PBXProject "RijksmuseumDemo" */ = {
			isa = XCConfigurationList;
			buildConfigurations = (
				A31FC0802A23DB030072D39D /* Debug */,
				A31FC0812A23DB030072D39D /* Release */,
			);
			defaultConfigurationIsVisible = 0;
			defaultConfigurationName = Release;
		};
		A31FC0822A23DB030072D39D /* Build configuration list for PBXNativeTarget "RijksmuseumDemo" */ = {
			isa = XCConfigurationList;
			buildConfigurations = (
				A31FC0832A23DB030072D39D /* Debug */,
				A31FC0842A23DB030072D39D /* Release */,
			);
			defaultConfigurationIsVisible = 0;
			defaultConfigurationName = Release;
		};
		A31FC0852A23DB030072D39D /* Build configuration list for PBXNativeTarget "RijksmuseumDemoTests" */ = {
			isa = XCConfigurationList;
			buildConfigurations = (
				A31FC0862A23DB030072D39D /* Debug */,
				A31FC0872A23DB030072D39D /* Release */,
			);
			defaultConfigurationIsVisible = 0;
			defaultConfigurationName = Release;
		};
/* End XCConfigurationList section */

/* Begin XCRemoteSwiftPackageReference section */
		A31FC0B82A24AB9A0072D39D /* XCRemoteSwiftPackageReference "Kingfisher" */ = {
			isa = XCRemoteSwiftPackageReference;
			repositoryURL = "https://github.com/onevcat/Kingfisher.git";
			requirement = {
				kind = upToNextMajorVersion;
				minimumVersion = 7.0.0;
			};
		};
/* End XCRemoteSwiftPackageReference section */

/* Begin XCSwiftPackageProductDependency section */
		A31FC0B92A24AB9A0072D39D /* Kingfisher */ = {
			isa = XCSwiftPackageProductDependency;
			package = A31FC0B82A24AB9A0072D39D /* XCRemoteSwiftPackageReference "Kingfisher" */;
			productName = Kingfisher;
		};
/* End XCSwiftPackageProductDependency section */
	};
	rootObject = A31FC0502A23DB020072D39D /* Project object */;
}
